
Microsoft Visual Studio Solution File, Format Version 12.00
# Visual Studio Version 17
VisualStudioVersion = 17.1.32228.430
MinimumVisualStudioVersion = 10.0.40219.1
Project("{FAE04EC0-301F-11D3-BF4B-00C04F79EFBC}") = "Kolos", "Kolos\Kolos.csproj", "{79E227BD-A445-4E90-9538-6E758F853073}"
EndProject
Global
	GlobalSection(SolutionConfigurationPlatforms) = preSolution
		Debug|Any CPU = Debug|Any CPU
		Release|Any CPU = Release|Any CPU
	EndGlobalSection
	GlobalSection(ProjectConfigurationPlatforms) = postSolution
		{79E227BD-A445-4E90-9538-6E758F853073}.Debug|Any CPU.ActiveCfg = Debug|Any CPU
		{79E227BD-A445-4E90-9538-6E758F853073}.Debug|Any CPU.Build.0 = Debug|Any CPU
		{79E227BD-A445-4E90-9538-6E758F853073}.Release|Any CPU.ActiveCfg = Release|Any CPU
		{79E227BD-A445-4E90-9538-6E758F853073}.Release|Any CPU.Build.0 = Release|Any CPU
	EndGlobalSection
	GlobalSection(SolutionProperties) = preSolution
		HideSolutionNode = FALSE
	EndGlobalSection
	GlobalSection(ExtensibilityGlobals) = postSolution
		SolutionGuid = {0C463E5C-D0FE-468C-9538-8EAE78771EDD}
	EndGlobalSection
EndGlobal
